// !$*UTF8*$!
{
	archiveVersion = 1;
	classes = {
	};
	objectVersion = 46;
	objects = {

/* Begin PBXBuildFile section */
		E210AF501D2BDF8B005DD079 /* main.m in Sources */ = {isa = PBXBuildFile; fileRef = E210AF4F1D2BDF8B005DD079 /* main.m */; };
		E210AF531D2BDF8B005DD079 /* AppDelegate.m in Sources */ = {isa = PBXBuildFile; fileRef = E210AF521D2BDF8B005DD079 /* AppDelegate.m */; };
		E210AF561D2BDF8B005DD079 /* ViewController.m in Sources */ = {isa = PBXBuildFile; fileRef = E210AF551D2BDF8B005DD079 /* ViewController.m */; };
		E210AF591D2BDF8B005DD079 /* Main.storyboard in Resources */ = {isa = PBXBuildFile; fileRef = E210AF571D2BDF8B005DD079 /* Main.storyboard */; };
		E210AF5B1D2BDF8B005DD079 /* Assets.xcassets in Resources */ = {isa = PBXBuildFile; fileRef = E210AF5A1D2BDF8B005DD079 /* Assets.xcassets */; };
		E210AF5E1D2BDF8B005DD079 /* LaunchScreen.storyboard in Resources */ = {isa = PBXBuildFile; fileRef = E210AF5C1D2BDF8B005DD079 /* LaunchScreen.storyboard */; };
/* End PBXBuildFile section */

/* Begin PBXFileReference section */
		E210AF4B1D2BDF8B005DD079 /* FaceDetectDemo.app */ = {isa = PBXFileReference; explicitFileType = wrapper.application; includeInIndex = 0; path = FaceDetectDemo.app; sourceTree = BUILT_PRODUCTS_DIR; };
		E210AF4F1D2BDF8B005DD079 /* main.m */ = {isa = PBXFileReference; lastKnownFileType = sourcecode.c.objc; path = main.m; sourceTree = "<group>"; };
		E210AF511D2BDF8B005DD079 /* AppDelegate.h */ = {isa = PBXFileReference; lastKnownFileType = sourcecode.c.h; path = AppDelegate.h; sourceTree = "<group>"; };
		E210AF521D2BDF8B005DD079 /* AppDelegate.m */ = {isa = PBXFileReference; lastKnownFileType = sourcecode.c.objc; path = AppDelegate.m; sourceTree = "<group>"; };
		E210AF541D2BDF8B005DD079 /* ViewController.h */ = {isa = PBXFileReference; lastKnownFileType = sourcecode.c.h; path = ViewController.h; sourceTree = "<group>"; };
		E210AF551D2BDF8B005DD079 /* ViewController.m */ = {isa = PBXFileReference; lastKnownFileType = sourcecode.c.objc; path = ViewController.m; sourceTree = "<group>"; };
		E210AF581D2BDF8B005DD079 /* Base */ = {isa = PBXFileReference; lastKnownFileType = file.storyboard; name = Base; path = Base.lproj/Main.storyboard; sourceTree = "<group>"; };
		E210AF5A1D2BDF8B005DD079 /* Assets.xcassets */ = {isa = PBXFileReference; lastKnownFileType = folder.assetcatalog; path = Assets.xcassets; sourceTree = "<group>"; };
		E210AF5D1D2BDF8B005DD079 /* Base */ = {isa = PBXFileReference; lastKnownFileType = file.storyboard; name = Base; path = Base.lproj/LaunchScreen.storyboard; sourceTree = "<group>"; };
		E210AF5F1D2BDF8B005DD079 /* Info.plist */ = {isa = PBXFileReference; lastKnownFileType = text.plist.xml; path = Info.plist; sourceTree = "<group>"; };
/* End PBXFileReference section */

/* Begin PBXFrameworksBuildPhase section */
		E210AF481D2BDF8B005DD079 /* Frameworks */ = {
			isa = PBXFrameworksBuildPhase;
			buildActionMask = 2147483647;
			files = (
			);
			runOnlyForDeploymentPostprocessing = 0;
		};
/* End PBXFrameworksBuildPhase section */

/* Begin PBXGroup section */
		E210AF421D2BDF8B005DD079 = {
			isa = PBXGroup;
			children = (
				E210AF4D1D2BDF8B005DD079 /* FaceDetectDemo */,
				E210AF4C1D2BDF8B005DD079 /* Products */,
			);
			sourceTree = "<group>";
		};
		E210AF4C1D2BDF8B005DD079 /* Products */ = {
			isa = PBXGroup;
			children = (
				E210AF4B1D2BDF8B005DD079 /* FaceDetectDemo.app */,
			);
			name = Products;
			sourceTree = "<group>";
		};
		E210AF4D1D2BDF8B005DD079 /* FaceDetectDemo */ = {
			isa = PBXGroup;
			children = (
				E210AF511D2BDF8B005DD079 /* AppDelegate.h */,
				E210AF521D2BDF8B005DD079 /* AppDelegate.m */,
				E210AF541D2BDF8B005DD079 /* ViewController.h */,
				E210AF551D2BDF8B005DD079 /* ViewController.m */,
				E210AF571D2BDF8B005DD079 /* Main.storyboard */,
				E210AF5A1D2BDF8B005DD079 /* Assets.xcassets */,
				E210AF5C1D2BDF8B005DD079 /* LaunchScreen.storyboard */,
				E210AF5F1D2BDF8B005DD079 /* Info.plist */,
				E210AF4E1D2BDF8B005DD079 /* Supporting Files */,
			);
			path = FaceDetectDemo;
			sourceTree = "<group>";
		};
		E210AF4E1D2BDF8B005DD079 /* Supporting Files */ = {
			isa = PBXGroup;
			children = (
				E210AF4F1D2BDF8B005DD079 /* main.m */,
			);
			name = "Supporting Files";
			sourceTree = "<group>";
		};
/* End PBXGroup section */

/* Begin PBXNativeTarget section */
		E210AF4A1D2BDF8B005DD079 /* FaceDetectDemo */ = {
			isa = PBXNativeTarget;
			buildConfigurationList = E210AF621D2BDF8B005DD079 /* Build configuration list for PBXNativeTarget "FaceDetectDemo" */;
			buildPhases = (
				E210AF471D2BDF8B005DD079 /* Sources */,
				E210AF481D2BDF8B005DD079 /* Frameworks */,
				E210AF491D2BDF8B005DD079 /* Resources */,
			);
			buildRules = (
			);
			dependencies = (
			);
			name = FaceDetectDemo;
			productName = FaceDetectDemo;
			productReference = E210AF4B1D2BDF8B005DD079 /* FaceDetectDemo.app */;
			productType = "com.apple.product-type.application";
		};
/* End PBXNativeTarget section */

/* Begin PBXProject section */
		E210AF431D2BDF8B005DD079 /* Project object */ = {
			isa = PBXProject;
			attributes = {
				LastUpgradeCheck = 0730;
				ORGANIZATIONNAME = Cheney;
				TargetAttributes = {
					E210AF4A1D2BDF8B005DD079 = {
						CreatedOnToolsVersion = 7.3.1;
					};
				};
			};
			buildConfigurationList = E210AF461D2BDF8B005DD079 /* Build configuration list for PBXProject "FaceDetectDemo" */;
			compatibilityVersion = "Xcode 3.2";
			developmentRegion = English;
			hasScannedForEncodings = 0;
			knownRegions = (
				en,
				Base,
			);
			mainGroup = E210AF421D2BDF8B005DD079;
			productRefGroup = E210AF4C1D2BDF8B005DD079 /* Products */;
			projectDirPath = "";
			projectRoot = "";
			targets = (
				E210AF4A1D2BDF8B005DD079 /* FaceDetectDemo */,
			);
		};
/* End PBXProject section */

/* Begin PBXResourcesBuildPhase section */
		E210AF491D2BDF8B005DD079 /* Resources */ = {
			isa = PBXResourcesBuildPhase;
			buildActionMask = 2147483647;
			files = (
				E210AF5E1D2BDF8B005DD079 /* LaunchScreen.storyboard in Resources */,
				E210AF5B1D2BDF8B005DD079 /* Assets.xcassets in Resources */,
				E210AF591D2BDF8B005DD079 /* Main.storyboard in Resources */,
			);
			runOnlyForDeploymentPostprocessing = 0;
		};
/* End PBXResourcesBuildPhase section */

/* Begin PBXSourcesBuildPhase section */
		E210AF471D2BDF8B005DD079 /* Sources */ = {
			isa = PBXSourcesBuildPhase;
			buildActionMask = 2147483647;
			files = (
				E210AF561D2BDF8B005DD079 /* ViewController.m in Sources */,
				E210AF531D2BDF8B005DD079 /* AppDelegate.m in Sources */,
				E210AF501D2BDF8B005DD079 /* main.m in Sources */,
			);
			runOnlyForDeploymentPostprocessing = 0;
		};
/* End PBXSourcesBuildPhase section */

/* Begin PBXVariantGroup section */
		E210AF571D2BDF8B005DD079 /* Main.storyboard */ = {
			isa = PBXVariantGroup;
			children = (
				E210AF581D2BDF8B005DD079 /* Base */,
			);
			name = Main.storyboard;
			sourceTree = "<group>";
		};
		E210AF5C1D2BDF8B005DD079 /* LaunchScreen.storyboard */ = {
			isa = PBXVariantGroup;
			children = (
				E210AF5D1D2BDF8B005DD079 /* Base */,
			);
			name = LaunchScreen.storyboard;
			sourceTree = "<group>";
		};
/* End PBXVariantGroup section */

/* Begin XCBuildConfiguration section */
		E210AF601D2BDF8B005DD079 /* Debug */ = {
			isa = XCBuildConfiguration;
			buildSettings = {
				ALWAYS_SEARCH_USER_PATHS = NO;
				CLANG_ANALYZER_NONNULL = YES;
				CLANG_CXX_LANGUAGE_STANDARD = "gnu++0x";
				CLANG_CXX_LIBRARY = "libc++";
				CLANG_ENABLE_MODULES = YES;
				CLANG_ENABLE_OBJC_ARC = YES;
				CLANG_WARN_BOOL_CONVERSION = YES;
				CLANG_WARN_CONSTANT_CONVERSION = YES;
				CLANG_WARN_DIRECT_OBJC_ISA_USAGE = YES_ERROR;
				CLANG_WARN_EMPTY_BODY = YES;
				CLANG_WARN_ENUM_CONVERSION = YES;
				CLANG_WARN_INT_CONVERSION = YES;
				CLANG_WARN_OBJC_ROOT_CLASS = YES_ERROR;
				CLANG_WARN_UNREACHABLE_CODE = YES;
				CLANG_WARN__DUPLICATE_METHOD_MATCH = YES;
				"CODE_SIGN_IDENTITY[sdk=iphoneos*]" = "iPhone Developer";
				COPY_PHASE_STRIP = NO;
				DEBUG_INFORMATION_FORMAT = dwarf;
				ENABLE_STRICT_OBJC_MSGSEND = YES;
				ENABLE_TESTABILITY = YES;
				GCC_C_LANGUAGE_STANDARD = gnu99;
				GCC_DYNAMIC_NO_PIC = NO;
				GCC_NO_COMMON_BLOCKS = YES;
				GCC_OPTIMIZATION_LEVEL = 0;
				GCC_PREPROCESSOR_DEFINITIONS = (
					"DEBUG=1",
					"$(inherited)",
				);
				GCC_WARN_64_TO_32_BIT_CONVERSION = YES;
				GCC_WARN_ABOUT_RETURN_TYPE = YES_ERROR;
				GCC_WARN_UNDECLARED_SELECTOR = YES;
				GCC_WARN_UNINITIALIZED_AUTOS = YES_AGGRESSIVE;
				GCC_WARN_UNUSED_FUNCTION = YES;
				GCC_WARN_UNUSED_VARIABLE = YES;
				IPHONEOS_DEPLOYMENT_TARGET = 9.3;
				MTL_ENABLE_DEBUG_INFO = YES;
				ONLY_ACTIVE_ARCH = YES;
				SDKROOT = iphoneos;
			};
			name = Debug;
		};
		E210AF611D2BDF8B005DD079 /* Release */ = {
			isa = XCBuildConfiguration;
			buildSettings = {
				ALWAYS_SEARCH_USER_PATHS = NO;
				CLANG_ANALYZER_NONNULL = YES;
				CLANG_CXX_LANGUAGE_STANDARD = "gnu++0x";
				CLANG_CXX_LIBRARY = "libc++";
				CLANG_ENABLE_MODULES = YES;
				CLANG_ENABLE_OBJC_ARC = YES;
				CLANG_WARN_BOOL_CONVERSION = YES;
				CLANG_WARN_CONSTANT_CONVERSION = YES;
				CLANG_WARN_DIRECT_OBJC_ISA_USAGE = YES_ERROR;
				CLANG_WARN_EMPTY_BODY = YES;
				CLANG_WARN_ENUM_CONVERSION = YES;
				CLANG_WARN_INT_CONVERSION = YES;
				CLANG_WARN_OBJC_ROOT_CLASS = YES_ERROR;
				CLANG_WARN_UNREACHABLE_CODE = YES;
				CLANG_WARN__DUPLICATE_METHOD_MATCH = YES;
				"CODE_SIGN_IDENTITY[sdk=iphoneos*]" = "iPhone Developer";
				COPY_PHASE_STRIP = NO;
				DEBUG_INFORMATION_FORMAT = "dwarf-with-dsym";
				ENABLE_NS_ASSERTIONS = NO;
				ENABLE_STRICT_OBJC_MSGSEND = YES;
				GCC_C_LANGUAGE_STANDARD = gnu99;
				GCC_NO_COMMON_BLOCKS = YES;
				GCC_WARN_64_TO_32_BIT_CONVERSION = YES;
				GCC_WARN_ABOUT_RETURN_TYPE = YES_ERROR;
				GCC_WARN_UNDECLARED_SELECTOR = YES;
				GCC_WARN_UNINITIALIZED_AUTOS = YES_AGGRESSIVE;
				GCC_WARN_UNUSED_FUNCTION = YES;
				GCC_WARN_UNUSED_VARIABLE = YES;
				IPHONEOS_DEPLOYMENT_TARGET = 9.3;
				MTL_ENABLE_DEBUG_INFO = NO;
				SDKROOT = iphoneos;
				VALIDATE_PRODUCT = YES;
			};
			name = Release;
		};
		E210AF631D2BDF8B005DD079 /* Debug */ = {
			isa = XCBuildConfiguration;
			buildSettings = {
				ASSETCATALOG_COMPILER_APPICON_NAME = AppIcon;
				INFOPLIST_FILE = FaceDetectDemo/Info.plist;
				LD_RUNPATH_SEARCH_PATHS = "$(inherited) @executable_path/Frameworks";
				PRODUCT_BUNDLE_IDENTIFIER = com.book.FaceDetectDemo;
				PRODUCT_NAME = "$(TARGET_NAME)";
			};
			name = Debug;
		};
		E210AF641D2BDF8B005DD079 /* Release */ = {
			isa = XCBuildConfiguration;
			buildSettings = {
				ASSETCATALOG_COMPILER_APPICON_NAME = AppIcon;
				INFOPLIST_FILE = FaceDetectDemo/Info.plist;
				LD_RUNPATH_SEARCH_PATHS = "$(inherited) @executable_path/Frameworks";
				PRODUCT_BUNDLE_IDENTIFIER = com.book.FaceDetectDemo;
				PRODUCT_NAME = "$(TARGET_NAME)";
			};
			name = Release;
		};
/* End XCBuildConfiguration section */

/* Begin XCConfigurationList section */
		E210AF461D2BDF8B005DD079 /* Build configuration list for PBXProject "FaceDetectDemo" */ = {
			isa = XCConfigurationList;
			buildConfigurations = (
				E210AF601D2BDF8B005DD079 /* Debug */,
				E210AF611D2BDF8B005DD079 /* Release */,
			);
			defaultConfigurationIsVisible = 0;
			defaultConfigurationName = Release;
		};
		E210AF621D2BDF8B005DD079 /* Build configuration list for PBXNativeTarget "FaceDetectDemo" */ = {
			isa = XCConfigurationList;
			buildConfigurations = (
				E210AF631D2BDF8B005DD079 /* Debug */,
				E210AF641D2BDF8B005DD079 /* Release */,
			);
			defaultConfigurationIsVisible = 0;
		};
/* End XCConfigurationList section */
	};
	rootObject = E210AF431D2BDF8B005DD079 /* Project object */;
}
